{
  "nodes": {
    "gen-prelude": {
      "locked": {
        "lastModified": 1783052556,
        "narHash": "sha256-hgHsrg5p0emX3/SIJhkph6ZSchMuKHnuSOTfpF1Bfs8=",
        "owner": "sini",
        "repo": "gen-prelude",
        "rev": "968579ccf858cfbadf400382f7beaa938b5fde6d",
        "type": "github"
      },
      "original": {
        "owner": "sini",
        "repo": "gen-prelude",
        "type": "github"
      }
    },
    "gen-scope": {
      "inputs": {
        "gen-prelude": [
          "gen-prelude"
        ]
      },
      "locked": {
        "lastModified": 1783052517,
        "narHash": "sha256-RvKDPOp4jbwCGCmQMIstYpenASj9JfCIcUqkHXHPiTw=",
        "owner": "sini",
        "repo": "gen-scope",
        "rev": "8599e5f51417e4e6a57ec0d3e36522b967b5e89b",
        "type": "github"
      },
      "original": {
        "owner": "sini",
        "repo": "gen-scope",
        "type": "github"
      }
    },
    "gen-select": {
      "locked": {
        "lastModified": 1783307797,
        "narHash": "sha256-9s4MjWBpq7KDAm3XceJ++6++0xyiNH/mO8K4f3av5U8=",
        "owner": "sini",
        "repo": "gen-select",
        "rev": "f3c047eee2027962b417ef1a6c2266223e924299",
        "type": "github"
      },
      "original": {
        "owner": "sini",
        "repo": "gen-select",
        "type": "github"
      }
    },
    "root": {
      "inputs": {
        "gen-prelude": "gen-prelude",
        "gen-scope": "gen-scope",
        "gen-select": "gen-select"
      }
    }
  },
  "root": "root",
  "version": 7
}
